{
  "name": "clio-playground",
  "version": "0.1.0",
  "lockfileVersion": 2,
  "requires": true,
  "packages": {
    "": {
      "name": "clio-playground",
      "version": "0.0.1",
      "dependencies": {
        "clio-rpc": "0.0.5"
      }
    },
    "../rpc": {
      "version": "0.0.5",
      "license": "Apache-2.0",
      "dependencies": {
        "ws": "^7.2.3"
      },
      "devDependencies": {}
    },
    "node_modules/clio-rpc": {
      "resolved": "../rpc",
      "link": true
    }
  },
  "dependencies": {
    "clio-rpc": {
      "version": "file:../rpc",
      "requires": {
        "ws": "^7.2.3"
      }
    }
  }
}
