{
  "name": "clio-lang-internals",
  "version": "0.11.0",
  "lockfileVersion": 1,
  "requires": true,
  "dependencies": {
    "clio-rpc": {
      "version": "0.0.4",
      "resolved": "https://registry.npmjs.org/clio-rpc/-/clio-rpc-0.0.4.tgz",
      "integrity": "sha512-GnaPzVUGJvmFhZbHw+XlJ5bTjqJi1oubvhMpEh2M1jAzaT6xqwYWYrYA8lrVtQlNndQZkAOkOrOoXuHebf4tCA==",
      "requires": {
        "ws": "^7.2.3"
      }
    },
    "ws": {
      "version": "7.3.1",
      "resolved": "https://registry.npmjs.org/ws/-/ws-7.3.1.tgz",
      "integrity": "sha512-D3RuNkynyHmEJIpD2qrgVkc9DQ23OrN/moAwZX4L8DfvszsJxpjQuUq3LMx6HoYji9fbIOBY18XWBsAux1ZZUA=="
    }
  }
}
