{
  "name": "clio-internals",
  "version": "0.1.0",
  "lockfileVersion": 1,
  "requires": true,
  "dependencies": {
    "clio-rpc": {
      "version": "0.0.3",
      "resolved": "https://registry.npmjs.org/clio-rpc/-/clio-rpc-0.0.3.tgz",
      "integrity": "sha512-LxZDwqM7wPOWUSDVS4Ej5IhGxMeAa3roUSWG4ktBqIsotOJzaPX75kfOjpoZaUv6duRR6Y2sKPZzXKmUf1nInw==",
      "requires": {
        "ws": "^7.2.3"
      }
    },
    "ws": {
      "version": "7.2.3",
      "resolved": "https://registry.npmjs.org/ws/-/ws-7.2.3.tgz",
      "integrity": "sha512-HTDl9G9hbkNDk98naoR/cHDws7+EyYMOdL1BmjsZXRUjf7d+MficC4B7HLUPlSiho0vg+CWKrGIt/VJBd1xunQ=="
    }
  }
}
