{
  "name": "clio-core",
  "version": "0.7.1",
  "lockfileVersion": 2,
  "requires": true,
  "packages": {
    "": {
      "name": "clio-core",
      "version": "0.2.0",
      "license": "Apache-2.0",
      "dependencies": {
        "source-map": "^0.7.3"
      },
      "devDependencies": {
        "clio-run": "^0.1.2"
      }
    },
    "node_modules/clio-rpc": {
      "version": "0.0.5",
      "resolved": "https://registry.npmjs.org/clio-rpc/-/clio-rpc-0.0.5.tgz",
      "integrity": "sha512-Y3lhzRLbZKcS2+uLpqh7gCD00DvSx8Lkk3fqvKi3L5hcz97DlCsX/+5cn4RDFxL00VaO2b3GYN0gg6okrJ8G9w==",
      "dev": true,
      "dependencies": {
        "ws": "^7.2.3"
      }
    },
    "node_modules/clio-run": {
      "version": "0.1.2",
      "resolved": "https://registry.npmjs.org/clio-run/-/clio-run-0.1.2.tgz",
      "integrity": "sha512-0OCD3kcItX0IN8JrK2DNEJkGviHY9yO88ocw5zuADll//JzhdaRcwm2gcb/GEJUyrAi+LTPZI/FobRgxD7APhg==",
      "dev": true,
      "dependencies": {
        "clio-rpc": "^0.0.5"
      }
    },
    "node_modules/source-map": {
      "version": "0.7.3",
      "resolved": "https://registry.npmjs.org/source-map/-/source-map-0.7.3.tgz",
      "integrity": "sha512-CkCj6giN3S+n9qrYiBTX5gystlENnRW5jZeNLHpe6aue+SrHcG5VYwujhW9s4dY31mEGsxBDrHR6oI69fTXsaQ==",
      "engines": {
        "node": ">= 8"
      }
    },
    "node_modules/ws": {
      "version": "7.3.1",
      "resolved": "https://registry.npmjs.org/ws/-/ws-7.3.1.tgz",
      "integrity": "sha512-D3RuNkynyHmEJIpD2qrgVkc9DQ23OrN/moAwZX4L8DfvszsJxpjQuUq3LMx6HoYji9fbIOBY18XWBsAux1ZZUA==",
      "dev": true,
      "engines": {
        "node": ">=8.3.0"
      }
    }
  },
  "dependencies": {
    "clio-rpc": {
      "version": "0.0.5",
      "resolved": "https://registry.npmjs.org/clio-rpc/-/clio-rpc-0.0.5.tgz",
      "integrity": "sha512-Y3lhzRLbZKcS2+uLpqh7gCD00DvSx8Lkk3fqvKi3L5hcz97DlCsX/+5cn4RDFxL00VaO2b3GYN0gg6okrJ8G9w==",
      "dev": true,
      "requires": {
        "ws": "^7.2.3"
      }
    },
    "clio-run": {
      "version": "0.1.2",
      "resolved": "https://registry.npmjs.org/clio-run/-/clio-run-0.1.2.tgz",
      "integrity": "sha512-0OCD3kcItX0IN8JrK2DNEJkGviHY9yO88ocw5zuADll//JzhdaRcwm2gcb/GEJUyrAi+LTPZI/FobRgxD7APhg==",
      "dev": true,
      "requires": {
        "clio-rpc": "^0.0.5"
      }
    },
    "source-map": {
      "version": "0.7.3",
      "resolved": "https://registry.npmjs.org/source-map/-/source-map-0.7.3.tgz",
      "integrity": "sha512-CkCj6giN3S+n9qrYiBTX5gystlENnRW5jZeNLHpe6aue+SrHcG5VYwujhW9s4dY31mEGsxBDrHR6oI69fTXsaQ=="
    },
    "ws": {
      "version": "7.3.1",
      "resolved": "https://registry.npmjs.org/ws/-/ws-7.3.1.tgz",
      "integrity": "sha512-D3RuNkynyHmEJIpD2qrgVkc9DQ23OrN/moAwZX4L8DfvszsJxpjQuUq3LMx6HoYji9fbIOBY18XWBsAux1ZZUA==",
      "dev": true
    }
  }
}
