{
  "name": "clio-core",
  "version": "0.7.2",
  "lockfileVersion": 2,
  "requires": true,
  "packages": {
    "": {
      "name": "clio-core",
      "version": "0.7.2",
      "license": "Apache-2.0",
      "dependencies": {
        "bean-parser": "2.0.0",
        "chalk": "^4.1.2",
        "clio-highlight": "1.2.0",
        "source-map": "^0.7.3"
      },
      "devDependencies": {
        "clio-run": "^0.6.1"
      }
    },
    "node_modules/ansi-styles": {
      "version": "4.3.0",
      "resolved": "https://registry.npmjs.org/ansi-styles/-/ansi-styles-4.3.0.tgz",
      "integrity": "sha512-zbB9rCJAT1rbjiVDb2hqKFHNYLxgtk8NURxZ3IZwD3F6NtxbXZQCnnSi1Lkx+IDohdPlFp222wVALIheZJQSEg==",
      "dependencies": {
        "color-convert": "^2.0.1"
      },
      "engines": {
        "node": ">=8"
      },
      "funding": {
        "url": "https://github.com/chalk/ansi-styles?sponsor=1"
      }
    },
    "node_modules/bean-parser": {
      "version": "2.0.0",
      "resolved": "https://registry.npmjs.org/bean-parser/-/bean-parser-2.0.0.tgz",
      "integrity": "sha512-bhzGZVtk0NlM398sxcdu5924eJchFNY+XHromgnlcjwNN73FYhA5mUtmkevdrTeWZuMs1RZJ3XQdIHTt/PBEXQ=="
    },
    "node_modules/chalk": {
      "version": "4.1.2",
      "resolved": "https://registry.npmjs.org/chalk/-/chalk-4.1.2.tgz",
      "integrity": "sha512-oKnbhFyRIXpUuez8iBMmyEa4nbj4IOQyuhc/wy9kY7/WVPcwIO9VA668Pu8RkO7+0G76SLROeyw9CpQ061i4mA==",
      "dependencies": {
        "ansi-styles": "^4.1.0",
        "supports-color": "^7.1.0"
      },
      "engines": {
        "node": ">=10"
      },
      "funding": {
        "url": "https://github.com/chalk/chalk?sponsor=1"
      }
    },
    "node_modules/clio-highlight": {
      "version": "1.2.0",
      "resolved": "https://registry.npmjs.org/clio-highlight/-/clio-highlight-1.2.0.tgz",
      "integrity": "sha512-ewEEDDTn5ysRiIEhNq76NmETbKSGQhvFO+KLxBiOuFdS9PMpPATi3s46ozzMTpxkFUrT5grn7jkQNsCoLBUEaw==",
      "dependencies": {
        "chalk": "4.1.1"
      }
    },
    "node_modules/clio-highlight/node_modules/chalk": {
      "version": "4.1.1",
      "resolved": "https://registry.npmjs.org/chalk/-/chalk-4.1.1.tgz",
      "integrity": "sha512-diHzdDKxcU+bAsUboHLPEDQiw0qEe0qd7SYUn3HgcFlWgbDcfLGswOHYeGrHKzG9z6UYf01d9VFMfZxPM1xZSg==",
      "dependencies": {
        "ansi-styles": "^4.1.0",
        "supports-color": "^7.1.0"
      },
      "engines": {
        "node": ">=10"
      },
      "funding": {
        "url": "https://github.com/chalk/chalk?sponsor=1"
      }
    },
    "node_modules/clio-lang-internals": {
      "version": "0.7.0",
      "resolved": "https://registry.npmjs.org/clio-lang-internals/-/clio-lang-internals-0.7.0.tgz",
      "integrity": "sha512-bOiM4KQbfA7ccry3ssMo+LIMzsfzSyNcJGGoUDjyoVerSVlzuuTqMktXEEdHWx7Ffri/vRBnceu1wBo4m6wY5g==",
      "dev": true
    },
    "node_modules/clio-rpc": {
      "version": "0.6.1",
      "resolved": "https://registry.npmjs.org/clio-rpc/-/clio-rpc-0.6.1.tgz",
      "integrity": "sha512-M60xPjJrx8EOGMXut8vkbvvEovaP+feyCChKAjKOhF9yq71kcw0ghdjUvSQS538gZ5LflqAANQLRB32u9U+cMQ==",
      "dev": true,
      "dependencies": {
        "clio-lang-internals": "^0.7.0",
        "ws": "^7.4.6"
      }
    },
    "node_modules/clio-run": {
      "version": "0.6.1",
      "resolved": "https://registry.npmjs.org/clio-run/-/clio-run-0.6.1.tgz",
      "integrity": "sha512-grtlChQGSnyt+RFXTbxyL16GolxdvBZfMJbE0ac/NPRx2NWL4EVFnNd35qpyUn0im0kYYwUaDA7ObyZipGHT2w==",
      "dev": true,
      "dependencies": {
        "clio-lang-internals": "^0.7.0",
        "clio-rpc": "^0.6.1"
      }
    },
    "node_modules/color-convert": {
      "version": "2.0.1",
      "resolved": "https://registry.npmjs.org/color-convert/-/color-convert-2.0.1.tgz",
      "integrity": "sha512-RRECPsj7iu/xb5oKYcsFHSppFNnsj/52OVTRKb4zP5onXwVF3zVmmToNcOfGC+CRDpfK/U584fMg38ZHCaElKQ==",
      "dependencies": {
        "color-name": "~1.1.4"
      },
      "engines": {
        "node": ">=7.0.0"
      }
    },
    "node_modules/color-name": {
      "version": "1.1.4",
      "resolved": "https://registry.npmjs.org/color-name/-/color-name-1.1.4.tgz",
      "integrity": "sha512-dOy+3AuW3a2wNbZHIuMZpTcgjGuLU/uBL/ubcZF9OXbDo8ff4O8yVp5Bf0efS8uEoYo5q4Fx7dY9OgQGXgAsQA=="
    },
    "node_modules/has-flag": {
      "version": "4.0.0",
      "resolved": "https://registry.npmjs.org/has-flag/-/has-flag-4.0.0.tgz",
      "integrity": "sha512-EykJT/Q1KjTWctppgIAgfSO0tKVuZUjhgMr17kqTumMl6Afv3EISleU7qZUzoXDFTAHTDC4NOoG/ZxU3EvlMPQ==",
      "engines": {
        "node": ">=8"
      }
    },
    "node_modules/source-map": {
      "version": "0.7.3",
      "resolved": "https://registry.npmjs.org/source-map/-/source-map-0.7.3.tgz",
      "integrity": "sha512-CkCj6giN3S+n9qrYiBTX5gystlENnRW5jZeNLHpe6aue+SrHcG5VYwujhW9s4dY31mEGsxBDrHR6oI69fTXsaQ==",
      "engines": {
        "node": ">= 8"
      }
    },
    "node_modules/supports-color": {
      "version": "7.2.0",
      "resolved": "https://registry.npmjs.org/supports-color/-/supports-color-7.2.0.tgz",
      "integrity": "sha512-qpCAvRl9stuOHveKsn7HncJRvv501qIacKzQlO/+Lwxc9+0q2wLyv4Dfvt80/DPn2pqOBsJdDiogXGR9+OvwRw==",
      "dependencies": {
        "has-flag": "^4.0.0"
      },
      "engines": {
        "node": ">=8"
      }
    },
    "node_modules/ws": {
      "version": "7.5.3",
      "resolved": "https://registry.npmjs.org/ws/-/ws-7.5.3.tgz",
      "integrity": "sha512-kQ/dHIzuLrS6Je9+uv81ueZomEwH0qVYstcAQ4/Z93K8zeko9gtAbttJWzoC5ukqXY1PpoouV3+VSOqEAFt5wg==",
      "dev": true,
      "engines": {
        "node": ">=8.3.0"
      },
      "peerDependencies": {
        "bufferutil": "^4.0.1",
        "utf-8-validate": "^5.0.2"
      },
      "peerDependenciesMeta": {
        "bufferutil": {
          "optional": true
        },
        "utf-8-validate": {
          "optional": true
        }
      }
    }
  },
  "dependencies": {
    "ansi-styles": {
      "version": "4.3.0",
      "resolved": "https://registry.npmjs.org/ansi-styles/-/ansi-styles-4.3.0.tgz",
      "integrity": "sha512-zbB9rCJAT1rbjiVDb2hqKFHNYLxgtk8NURxZ3IZwD3F6NtxbXZQCnnSi1Lkx+IDohdPlFp222wVALIheZJQSEg==",
      "requires": {
        "color-convert": "^2.0.1"
      }
    },
    "bean-parser": {
      "version": "2.0.0",
      "resolved": "https://registry.npmjs.org/bean-parser/-/bean-parser-2.0.0.tgz",
      "integrity": "sha512-bhzGZVtk0NlM398sxcdu5924eJchFNY+XHromgnlcjwNN73FYhA5mUtmkevdrTeWZuMs1RZJ3XQdIHTt/PBEXQ=="
    },
    "chalk": {
      "version": "4.1.2",
      "resolved": "https://registry.npmjs.org/chalk/-/chalk-4.1.2.tgz",
      "integrity": "sha512-oKnbhFyRIXpUuez8iBMmyEa4nbj4IOQyuhc/wy9kY7/WVPcwIO9VA668Pu8RkO7+0G76SLROeyw9CpQ061i4mA==",
      "requires": {
        "ansi-styles": "^4.1.0",
        "supports-color": "^7.1.0"
      }
    },
    "clio-highlight": {
      "version": "1.2.0",
      "resolved": "https://registry.npmjs.org/clio-highlight/-/clio-highlight-1.2.0.tgz",
      "integrity": "sha512-ewEEDDTn5ysRiIEhNq76NmETbKSGQhvFO+KLxBiOuFdS9PMpPATi3s46ozzMTpxkFUrT5grn7jkQNsCoLBUEaw==",
      "requires": {
        "chalk": "4.1.1"
      },
      "dependencies": {
        "chalk": {
          "version": "4.1.1",
          "resolved": "https://registry.npmjs.org/chalk/-/chalk-4.1.1.tgz",
          "integrity": "sha512-diHzdDKxcU+bAsUboHLPEDQiw0qEe0qd7SYUn3HgcFlWgbDcfLGswOHYeGrHKzG9z6UYf01d9VFMfZxPM1xZSg==",
          "requires": {
            "ansi-styles": "^4.1.0",
            "supports-color": "^7.1.0"
          }
        }
      }
    },
    "clio-lang-internals": {
      "version": "0.7.0",
      "resolved": "https://registry.npmjs.org/clio-lang-internals/-/clio-lang-internals-0.7.0.tgz",
      "integrity": "sha512-bOiM4KQbfA7ccry3ssMo+LIMzsfzSyNcJGGoUDjyoVerSVlzuuTqMktXEEdHWx7Ffri/vRBnceu1wBo4m6wY5g==",
      "dev": true
    },
    "clio-rpc": {
      "version": "0.6.1",
      "resolved": "https://registry.npmjs.org/clio-rpc/-/clio-rpc-0.6.1.tgz",
      "integrity": "sha512-M60xPjJrx8EOGMXut8vkbvvEovaP+feyCChKAjKOhF9yq71kcw0ghdjUvSQS538gZ5LflqAANQLRB32u9U+cMQ==",
      "dev": true,
      "requires": {
        "clio-lang-internals": "^0.7.0",
        "ws": "^7.4.6"
      }
    },
    "clio-run": {
      "version": "0.6.1",
      "resolved": "https://registry.npmjs.org/clio-run/-/clio-run-0.6.1.tgz",
      "integrity": "sha512-grtlChQGSnyt+RFXTbxyL16GolxdvBZfMJbE0ac/NPRx2NWL4EVFnNd35qpyUn0im0kYYwUaDA7ObyZipGHT2w==",
      "dev": true,
      "requires": {
        "clio-lang-internals": "^0.7.0",
        "clio-rpc": "^0.6.1"
      }
    },
    "color-convert": {
      "version": "2.0.1",
      "resolved": "https://registry.npmjs.org/color-convert/-/color-convert-2.0.1.tgz",
      "integrity": "sha512-RRECPsj7iu/xb5oKYcsFHSppFNnsj/52OVTRKb4zP5onXwVF3zVmmToNcOfGC+CRDpfK/U584fMg38ZHCaElKQ==",
      "requires": {
        "color-name": "~1.1.4"
      }
    },
    "color-name": {
      "version": "1.1.4",
      "resolved": "https://registry.npmjs.org/color-name/-/color-name-1.1.4.tgz",
      "integrity": "sha512-dOy+3AuW3a2wNbZHIuMZpTcgjGuLU/uBL/ubcZF9OXbDo8ff4O8yVp5Bf0efS8uEoYo5q4Fx7dY9OgQGXgAsQA=="
    },
    "has-flag": {
      "version": "4.0.0",
      "resolved": "https://registry.npmjs.org/has-flag/-/has-flag-4.0.0.tgz",
      "integrity": "sha512-EykJT/Q1KjTWctppgIAgfSO0tKVuZUjhgMr17kqTumMl6Afv3EISleU7qZUzoXDFTAHTDC4NOoG/ZxU3EvlMPQ=="
    },
    "source-map": {
      "version": "0.7.3",
      "resolved": "https://registry.npmjs.org/source-map/-/source-map-0.7.3.tgz",
      "integrity": "sha512-CkCj6giN3S+n9qrYiBTX5gystlENnRW5jZeNLHpe6aue+SrHcG5VYwujhW9s4dY31mEGsxBDrHR6oI69fTXsaQ=="
    },
    "supports-color": {
      "version": "7.2.0",
      "resolved": "https://registry.npmjs.org/supports-color/-/supports-color-7.2.0.tgz",
      "integrity": "sha512-qpCAvRl9stuOHveKsn7HncJRvv501qIacKzQlO/+Lwxc9+0q2wLyv4Dfvt80/DPn2pqOBsJdDiogXGR9+OvwRw==",
      "requires": {
        "has-flag": "^4.0.0"
      }
    },
    "ws": {
      "version": "7.5.3",
      "resolved": "https://registry.npmjs.org/ws/-/ws-7.5.3.tgz",
      "integrity": "sha512-kQ/dHIzuLrS6Je9+uv81ueZomEwH0qVYstcAQ4/Z93K8zeko9gtAbttJWzoC5ukqXY1PpoouV3+VSOqEAFt5wg==",
      "dev": true,
      "requires": {}
    }
  }
}
