{
  "name": "potato",
  "version": "1.0.0",
  "lockfileVersion": 2,
  "requires": true,
  "packages": {
    "": {
      "version": "1.0.0",
      "license": "ISC",
      "dependencies": {
        "prettier": "^2.3.0",
        "prettier-plugin-svelte": "^2.3.0"
      }
    },
    "node_modules/prettier": {
      "version": "2.3.0",
      "resolved": "https://registry.npmjs.org/prettier/-/prettier-2.3.0.tgz",
      "integrity": "sha512-kXtO4s0Lz/DW/IJ9QdWhAf7/NmPWQXkFr/r/WkR3vyI+0v8amTDxiaQSLzs8NBlytfLWX/7uQUMIW677yLKl4w==",
      "bin": {
        "prettier": "bin-prettier.js"
      },
      "engines": {
        "node": ">=10.13.0"
      }
    },
    "node_modules/prettier-plugin-svelte": {
      "version": "2.3.0",
      "resolved": "https://registry.npmjs.org/prettier-plugin-svelte/-/prettier-plugin-svelte-2.3.0.tgz",
      "integrity": "sha512-HTzXvSq7lWFuLsSaxYOUkGkVNCl3RrSjDCOgQjkBX5FQGmWjL8o3IFACSGhjPMMfWKADpapAr0zdbBWkND9mqw==",
      "peerDependencies": {
        "prettier": "^1.16.4 || ^2.0.0",
        "svelte": "^3.2.0"
      }
    },
    "node_modules/svelte": {
      "version": "3.38.2",
      "resolved": "https://registry.npmjs.org/svelte/-/svelte-3.38.2.tgz",
      "integrity": "sha512-q5Dq0/QHh4BLJyEVWGe7Cej5NWs040LWjMbicBGZ+3qpFWJ1YObRmUDZKbbovddLC9WW7THTj3kYbTOFmU9fbg==",
      "peer": true,
      "engines": {
        "node": ">= 8"
      }
    }
  },
  "dependencies": {
    "prettier": {
      "version": "2.3.0",
      "resolved": "https://registry.npmjs.org/prettier/-/prettier-2.3.0.tgz",
      "integrity": "sha512-kXtO4s0Lz/DW/IJ9QdWhAf7/NmPWQXkFr/r/WkR3vyI+0v8amTDxiaQSLzs8NBlytfLWX/7uQUMIW677yLKl4w=="
    },
    "prettier-plugin-svelte": {
      "version": "2.3.0",
      "resolved": "https://registry.npmjs.org/prettier-plugin-svelte/-/prettier-plugin-svelte-2.3.0.tgz",
      "integrity": "sha512-HTzXvSq7lWFuLsSaxYOUkGkVNCl3RrSjDCOgQjkBX5FQGmWjL8o3IFACSGhjPMMfWKADpapAr0zdbBWkND9mqw==",
      "requires": {}
    },
    "svelte": {
      "version": "3.38.2",
      "resolved": "https://registry.npmjs.org/svelte/-/svelte-3.38.2.tgz",
      "integrity": "sha512-q5Dq0/QHh4BLJyEVWGe7Cej5NWs040LWjMbicBGZ+3qpFWJ1YObRmUDZKbbovddLC9WW7THTj3kYbTOFmU9fbg==",
      "peer": true
    }
  }
}
