{
  "name": "clio-rpc",
  "version": "0.7.0",
  "lockfileVersion": 2,
  "requires": true,
  "packages": {
    "": {
      "name": "clio-rpc",
      "version": "0.7.0",
      "license": "Apache-2.0",
      "dependencies": {
        "clio-lang-internals": "^0.8.0",
        "sializer": "^0.1.0",
        "ws": "^7.4.6"
      }
    },
    "node_modules/clio-lang-internals": {
      "version": "0.8.0",
      "resolved": "https://registry.npmjs.org/clio-lang-internals/-/clio-lang-internals-0.8.0.tgz",
      "integrity": "sha512-ffrzqLaFZrPxmxIk1XWXt9dcKsOdn8V/+TQnwBu4j42uDYfL9z3RvHj1Wpm6ZXP+lHIXgjfW0FIqbRzVH2SA8w=="
    },
    "node_modules/sializer": {
      "version": "0.1.0",
      "resolved": "https://registry.npmjs.org/sializer/-/sializer-0.1.0.tgz",
      "integrity": "sha512-EEAECb9Qsf/EIBUGCAN4FIv6uT+ABVDpN9HRK9ArsLNLt6Ja2Oj34PXFTMu1KxIxmOsiWh7LqcRf652sPz2LRw==",
      "dependencies": {
        "utfz-lib": "^0.2.0"
      }
    },
    "node_modules/utfz-lib": {
      "version": "0.2.0",
      "resolved": "https://registry.npmjs.org/utfz-lib/-/utfz-lib-0.2.0.tgz",
      "integrity": "sha512-wQhMpAJhwFesoBEkGg44GsDL4Hi09tXvSWLIwh5HKXZkSN1Tc30ZlDH24DEoISz+fKoJTsLjcwd2zM6lAhXQvA=="
    },
    "node_modules/ws": {
      "version": "7.5.4",
      "resolved": "https://registry.npmjs.org/ws/-/ws-7.5.4.tgz",
      "integrity": "sha512-zP9z6GXm6zC27YtspwH99T3qTG7bBFv2VIkeHstMLrLlDJuzA7tQ5ls3OJ1hOGGCzTQPniNJoHXIAOS0Jljohg==",
      "engines": {
        "node": ">=8.3.0"
      },
      "peerDependencies": {
        "bufferutil": "^4.0.1",
        "utf-8-validate": "^5.0.2"
      },
      "peerDependenciesMeta": {
        "bufferutil": {
          "optional": true
        },
        "utf-8-validate": {
          "optional": true
        }
      }
    }
  },
  "dependencies": {
    "clio-lang-internals": {
      "version": "0.8.0",
      "resolved": "https://registry.npmjs.org/clio-lang-internals/-/clio-lang-internals-0.8.0.tgz",
      "integrity": "sha512-ffrzqLaFZrPxmxIk1XWXt9dcKsOdn8V/+TQnwBu4j42uDYfL9z3RvHj1Wpm6ZXP+lHIXgjfW0FIqbRzVH2SA8w=="
    },
    "sializer": {
      "version": "0.1.0",
      "resolved": "https://registry.npmjs.org/sializer/-/sializer-0.1.0.tgz",
      "integrity": "sha512-EEAECb9Qsf/EIBUGCAN4FIv6uT+ABVDpN9HRK9ArsLNLt6Ja2Oj34PXFTMu1KxIxmOsiWh7LqcRf652sPz2LRw==",
      "requires": {
        "utfz-lib": "^0.2.0"
      }
    },
    "utfz-lib": {
      "version": "0.2.0",
      "resolved": "https://registry.npmjs.org/utfz-lib/-/utfz-lib-0.2.0.tgz",
      "integrity": "sha512-wQhMpAJhwFesoBEkGg44GsDL4Hi09tXvSWLIwh5HKXZkSN1Tc30ZlDH24DEoISz+fKoJTsLjcwd2zM6lAhXQvA=="
    },
    "ws": {
      "version": "7.5.4",
      "resolved": "https://registry.npmjs.org/ws/-/ws-7.5.4.tgz",
      "integrity": "sha512-zP9z6GXm6zC27YtspwH99T3qTG7bBFv2VIkeHstMLrLlDJuzA7tQ5ls3OJ1hOGGCzTQPniNJoHXIAOS0Jljohg==",
      "requires": {}
    }
  }
}
